{
  "lockfileVersion": 1,
  "configVersion": 1,
  "workspaces": {
    "": {
      "devDependencies": {
        "@types/react": "~19.2.14",
        "typescript": "~6.0.3",
      },
    },
  },
  "packages": {
    "@types/react": ["@types/react@19.2.16", "", { "dependencies": { "csstype": "^3.2.2" } }, "sha512-esJiCAnl0kfpNdE69f3So4WJUXy95dLZydX0KwK46riIHDzHM7O9Vtf9xCHW0PXIqvgqNrswl522kA/5yx+F4w=="],

    "csstype": ["csstype@3.2.3", "", {}, "sha512-z1HGKcYy2xA8AGQfwrn0PAy+PB7X/GSj3UVJW9qKyn43xWa+gl5nXmU4qqLMRzWVLFC8KusUX8T/0kCiOYpAIQ=="],

    "typescript": ["typescript@6.0.3", "", { "bin": { "tsc": "bin/tsc", "tsserver": "bin/tsserver" } }, "sha512-y2TvuxSZPDyQakkFRPZHKFm+KKVqIisdg9/CZwm9ftvKXLP8NRWj38/ODjNbr43SsoXqNuAisEf1GdCxqWcdBw=="],
  }
}
